// !$*UTF8*$!
{
	archiveVersion = 1;
	classes = {
	};
	objectVersion = 50;
	objects = {

/* Begin PBXBuildFile section */
		C501573620CA101800C48037 /* Review.swift in Sources */ = {isa = PBXBuildFile; fileRef = C501573520CA101800C48037 /* Review.swift */; };
		C501573820CA17AB00C48037 /* ReviewTests.swift in Sources */ = {isa = PBXBuildFile; fileRef = C501573720CA17AB00C48037 /* ReviewTests.swift */; };
		C501573A20CA23ED00C48037 /* LaunchManager.swift in Sources */ = {isa = PBXBuildFile; fileRef = C501573920CA23ED00C48037 /* LaunchManager.swift */; };
		C501573E20CA25AE00C48037 /* LaunchManagerTests.swift in Sources */ = {isa = PBXBuildFile; fileRef = C501573D20CA25AE00C48037 /* LaunchManagerTests.swift */; };
		C50ECF7E20CA0C9E00CBD015 /* AppDelegate.swift in Sources */ = {isa = PBXBuildFile; fileRef = C50ECF7D20CA0C9E00CBD015 /* AppDelegate.swift */; };
		C50ECF8020CA0C9E00CBD015 /* ViewController.swift in Sources */ = {isa = PBXBuildFile; fileRef = C50ECF7F20CA0C9E00CBD015 /* ViewController.swift */; };
		C50ECF8320CA0C9E00CBD015 /* Main.storyboard in Resources */ = {isa = PBXBuildFile; fileRef = C50ECF8120CA0C9E00CBD015 /* Main.storyboard */; };
		C50ECF8520CA0CA000CBD015 /* Assets.xcassets in Resources */ = {isa = PBXBuildFile; fileRef = C50ECF8420CA0CA000CBD015 /* Assets.xcassets */; };
		C50ECF8820CA0CA000CBD015 /* LaunchScreen.storyboard in Resources */ = {isa = PBXBuildFile; fileRef = C50ECF8620CA0CA000CBD015 /* LaunchScreen.storyboard */; };
/* End PBXBuildFile section */

/* Begin PBXContainerItemProxy section */
		C50ECF8F20CA0CA000CBD015 /* PBXContainerItemProxy */ = {
			isa = PBXContainerItemProxy;
			containerPortal = C50ECF7220CA0C9E00CBD015 /* Project object */;
			proxyType = 1;
			remoteGlobalIDString = C50ECF7920CA0C9E00CBD015;
			remoteInfo = "ios-storekit-SKStoreReviewController-demo";
		};
/* End PBXContainerItemProxy section */

/* Begin PBXFileReference section */
		C501573520CA101800C48037 /* Review.swift */ = {isa = PBXFileReference; lastKnownFileType = sourcecode.swift; path = Review.swift; sourceTree = "<group>"; };
		C501573720CA17AB00C48037 /* ReviewTests.swift */ = {isa = PBXFileReference; lastKnownFileType = sourcecode.swift; path = ReviewTests.swift; sourceTree = "<group>"; };
		C501573920CA23ED00C48037 /* LaunchManager.swift */ = {isa = PBXFileReference; lastKnownFileType = sourcecode.swift; path = LaunchManager.swift; sourceTree = "<group>"; };
		C501573D20CA25AE00C48037 /* LaunchManagerTests.swift */ = {isa = PBXFileReference; lastKnownFileType = sourcecode.swift; path = LaunchManagerTests.swift; sourceTree = "<group>"; };
		C50ECF7A20CA0C9E00CBD015 /* ios-storekit-SKStoreReviewController-demo.app */ = {isa = PBXFileReference; explicitFileType = wrapper.application; includeInIndex = 0; path = "ios-storekit-SKStoreReviewController-demo.app"; sourceTree = BUILT_PRODUCTS_DIR; };
		C50ECF7D20CA0C9E00CBD015 /* AppDelegate.swift */ = {isa = PBXFileReference; lastKnownFileType = sourcecode.swift; path = AppDelegate.swift; sourceTree = "<group>"; };
		C50ECF7F20CA0C9E00CBD015 /* ViewController.swift */ = {isa = PBXFileReference; lastKnownFileType = sourcecode.swift; path = ViewController.swift; sourceTree = "<group>"; };
		C50ECF8220CA0C9E00CBD015 /* Base */ = {isa = PBXFileReference; lastKnownFileType = file.storyboard; name = Base; path = Base.lproj/Main.storyboard; sourceTree = "<group>"; };
		C50ECF8420CA0CA000CBD015 /* Assets.xcassets */ = {isa = PBXFileReference; lastKnownFileType = folder.assetcatalog; path = Assets.xcassets; sourceTree = "<group>"; };
		C50ECF8720CA0CA000CBD015 /* Base */ = {isa = PBXFileReference; lastKnownFileType = file.storyboard; name = Base; path = Base.lproj/LaunchScreen.storyboard; sourceTree = "<group>"; };
		C50ECF8920CA0CA000CBD015 /* Info.plist */ = {isa = PBXFileReference; lastKnownFileType = text.plist.xml; path = Info.plist; sourceTree = "<group>"; };
		C50ECF8E20CA0CA000CBD015 /* ios-storekit-SKStoreReviewController-demoTests.xctest */ = {isa = PBXFileReference; explicitFileType = wrapper.cfbundle; includeInIndex = 0; path = "ios-storekit-SKStoreReviewController-demoTests.xctest"; sourceTree = BUILT_PRODUCTS_DIR; };
		C50ECF9420CA0CA000CBD015 /* Info.plist */ = {isa = PBXFileReference; lastKnownFileType = text.plist.xml; path = Info.plist; sourceTree = "<group>"; };
/* End PBXFileReference section */

/* Begin PBXFrameworksBuildPhase section */
		C50ECF7720CA0C9E00CBD015 /* Frameworks */ = {
			isa = PBXFrameworksBuildPhase;
			buildActionMask = 2147483647;
			files = (
			);
			runOnlyForDeploymentPostprocessing = 0;
		};
		C50ECF8B20CA0CA000CBD015 /* Frameworks */ = {
			isa = PBXFrameworksBuildPhase;
			buildActionMask = 2147483647;
			files = (
			);
			runOnlyForDeploymentPostprocessing = 0;
		};
/* End PBXFrameworksBuildPhase section */

/* Begin PBXGroup section */
		C501573B20CA24F100C48037 /* ViewControllers */ = {
			isa = PBXGroup;
			children = (
				C50ECF8620CA0CA000CBD015 /* LaunchScreen.storyboard */,
				C50ECF7F20CA0C9E00CBD015 /* ViewController.swift */,
				C50ECF8120CA0C9E00CBD015 /* Main.storyboard */,
			);
			path = ViewControllers;
			sourceTree = "<group>";
		};
		C501573C20CA250000C48037 /* Models */ = {
			isa = PBXGroup;
			children = (
				C501573520CA101800C48037 /* Review.swift */,
				C501573920CA23ED00C48037 /* LaunchManager.swift */,
			);
			path = Models;
			sourceTree = "<group>";
		};
		C50ECF7120CA0C9E00CBD015 = {
			isa = PBXGroup;
			children = (
				C50ECF7C20CA0C9E00CBD015 /* ios-storekit-SKStoreReviewController-demo */,
				C50ECF9120CA0CA000CBD015 /* ios-storekit-SKStoreReviewController-demoTests */,
				C50ECF7B20CA0C9E00CBD015 /* Products */,
			);
			sourceTree = "<group>";
		};
		C50ECF7B20CA0C9E00CBD015 /* Products */ = {
			isa = PBXGroup;
			children = (
				C50ECF7A20CA0C9E00CBD015 /* ios-storekit-SKStoreReviewController-demo.app */,
				C50ECF8E20CA0CA000CBD015 /* ios-storekit-SKStoreReviewController-demoTests.xctest */,
			);
			name = Products;
			sourceTree = "<group>";
		};
		C50ECF7C20CA0C9E00CBD015 /* ios-storekit-SKStoreReviewController-demo */ = {
			isa = PBXGroup;
			children = (
				C501573C20CA250000C48037 /* Models */,
				C501573B20CA24F100C48037 /* ViewControllers */,
				C50ECF7D20CA0C9E00CBD015 /* AppDelegate.swift */,
				C50ECF8420CA0CA000CBD015 /* Assets.xcassets */,
				C50ECF8920CA0CA000CBD015 /* Info.plist */,
			);
			path = "ios-storekit-SKStoreReviewController-demo";
			sourceTree = "<group>";
		};
		C50ECF9120CA0CA000CBD015 /* ios-storekit-SKStoreReviewController-demoTests */ = {
			isa = PBXGroup;
			children = (
				C50ECF9420CA0CA000CBD015 /* Info.plist */,
				C501573720CA17AB00C48037 /* ReviewTests.swift */,
				C501573D20CA25AE00C48037 /* LaunchManagerTests.swift */,
			);
			path = "ios-storekit-SKStoreReviewController-demoTests";
			sourceTree = "<group>";
		};
/* End PBXGroup section */

/* Begin PBXNativeTarget section */
		C50ECF7920CA0C9E00CBD015 /* ios-storekit-SKStoreReviewController-demo */ = {
			isa = PBXNativeTarget;
			buildConfigurationList = C50ECF9720CA0CA000CBD015 /* Build configuration list for PBXNativeTarget "ios-storekit-SKStoreReviewController-demo" */;
			buildPhases = (
				C50ECF7620CA0C9E00CBD015 /* Sources */,
				C50ECF7720CA0C9E00CBD015 /* Frameworks */,
				C50ECF7820CA0C9E00CBD015 /* Resources */,
			);
			buildRules = (
			);
			dependencies = (
			);
			name = "ios-storekit-SKStoreReviewController-demo";
			productName = "ios-storekit-SKStoreReviewController-demo";
			productReference = C50ECF7A20CA0C9E00CBD015 /* ios-storekit-SKStoreReviewController-demo.app */;
			productType = "com.apple.product-type.application";
		};
		C50ECF8D20CA0CA000CBD015 /* ios-storekit-SKStoreReviewController-demoTests */ = {
			isa = PBXNativeTarget;
			buildConfigurationList = C50ECF9A20CA0CA000CBD015 /* Build configuration list for PBXNativeTarget "ios-storekit-SKStoreReviewController-demoTests" */;
			buildPhases = (
				C50ECF8A20CA0CA000CBD015 /* Sources */,
				C50ECF8B20CA0CA000CBD015 /* Frameworks */,
				C50ECF8C20CA0CA000CBD015 /* Resources */,
			);
			buildRules = (
			);
			dependencies = (
				C50ECF9020CA0CA000CBD015 /* PBXTargetDependency */,
			);
			name = "ios-storekit-SKStoreReviewController-demoTests";
			productName = "ios-storekit-SKStoreReviewController-demoTests";
			productReference = C50ECF8E20CA0CA000CBD015 /* ios-storekit-SKStoreReviewController-demoTests.xctest */;
			productType = "com.apple.product-type.bundle.unit-test";
		};
/* End PBXNativeTarget section */

/* Begin PBXProject section */
		C50ECF7220CA0C9E00CBD015 /* Project object */ = {
			isa = PBXProject;
			attributes = {
				LastSwiftUpdateCheck = 0940;
				LastUpgradeCheck = 0940;
				ORGANIZATIONNAME = "Eiji Kushida";
				TargetAttributes = {
					C50ECF7920CA0C9E00CBD015 = {
						CreatedOnToolsVersion = 9.4;
					};
					C50ECF8D20CA0CA000CBD015 = {
						CreatedOnToolsVersion = 9.4;
						TestTargetID = C50ECF7920CA0C9E00CBD015;
					};
				};
			};
			buildConfigurationList = C50ECF7520CA0C9E00CBD015 /* Build configuration list for PBXProject "ios-storekit-SKStoreReviewController-demo" */;
			compatibilityVersion = "Xcode 9.3";
			developmentRegion = en;
			hasScannedForEncodings = 0;
			knownRegions = (
				en,
				Base,
			);
			mainGroup = C50ECF7120CA0C9E00CBD015;
			productRefGroup = C50ECF7B20CA0C9E00CBD015 /* Products */;
			projectDirPath = "";
			projectRoot = "";
			targets = (
				C50ECF7920CA0C9E00CBD015 /* ios-storekit-SKStoreReviewController-demo */,
				C50ECF8D20CA0CA000CBD015 /* ios-storekit-SKStoreReviewController-demoTests */,
			);
		};
/* End PBXProject section */

/* Begin PBXResourcesBuildPhase section */
		C50ECF7820CA0C9E00CBD015 /* Resources */ = {
			isa = PBXResourcesBuildPhase;
			buildActionMask = 2147483647;
			files = (
				C50ECF8820CA0CA000CBD015 /* LaunchScreen.storyboard in Resources */,
				C50ECF8520CA0CA000CBD015 /* Assets.xcassets in Resources */,
				C50ECF8320CA0C9E00CBD015 /* Main.storyboard in Resources */,
			);
			runOnlyForDeploymentPostprocessing = 0;
		};
		C50ECF8C20CA0CA000CBD015 /* Resources */ = {
			isa = PBXResourcesBuildPhase;
			buildActionMask = 2147483647;
			files = (
			);
			runOnlyForDeploymentPostprocessing = 0;
		};
/* End PBXResourcesBuildPhase section */

/* Begin PBXSourcesBuildPhase section */
		C50ECF7620CA0C9E00CBD015 /* Sources */ = {
			isa = PBXSourcesBuildPhase;
			buildActionMask = 2147483647;
			files = (
				C501573A20CA23ED00C48037 /* LaunchManager.swift in Sources */,
				C50ECF8020CA0C9E00CBD015 /* ViewController.swift in Sources */,
				C50ECF7E20CA0C9E00CBD015 /* AppDelegate.swift in Sources */,
				C501573620CA101800C48037 /* Review.swift in Sources */,
			);
			runOnlyForDeploymentPostprocessing = 0;
		};
		C50ECF8A20CA0CA000CBD015 /* Sources */ = {
			isa = PBXSourcesBuildPhase;
			buildActionMask = 2147483647;
			files = (
				C501573E20CA25AE00C48037 /* LaunchManagerTests.swift in Sources */,
				C501573820CA17AB00C48037 /* ReviewTests.swift in Sources */,
			);
			runOnlyForDeploymentPostprocessing = 0;
		};
/* End PBXSourcesBuildPhase section */

/* Begin PBXTargetDependency section */
		C50ECF9020CA0CA000CBD015 /* PBXTargetDependency */ = {
			isa = PBXTargetDependency;
			target = C50ECF7920CA0C9E00CBD015 /* ios-storekit-SKStoreReviewController-demo */;
			targetProxy = C50ECF8F20CA0CA000CBD015 /* PBXContainerItemProxy */;
		};
/* End PBXTargetDependency section */

/* Begin PBXVariantGroup section */
		C50ECF8120CA0C9E00CBD015 /* Main.storyboard */ = {
			isa = PBXVariantGroup;
			children = (
				C50ECF8220CA0C9E00CBD015 /* Base */,
			);
			name = Main.storyboard;
			sourceTree = "<group>";
		};
		C50ECF8620CA0CA000CBD015 /* LaunchScreen.storyboard */ = {
			isa = PBXVariantGroup;
			children = (
				C50ECF8720CA0CA000CBD015 /* Base */,
			);
			name = LaunchScreen.storyboard;
			sourceTree = "<group>";
		};
/* End PBXVariantGroup section */

/* Begin XCBuildConfiguration section */
		C50ECF9520CA0CA000CBD015 /* Debug */ = {
			isa = XCBuildConfiguration;
			buildSettings = {
				ALWAYS_SEARCH_USER_PATHS = NO;
				CLANG_ANALYZER_NONNULL = YES;
				CLANG_ANALYZER_NUMBER_OBJECT_CONVERSION = YES_AGGRESSIVE;
				CLANG_CXX_LANGUAGE_STANDARD = "gnu++14";
				CLANG_CXX_LIBRARY = "libc++";
				CLANG_ENABLE_MODULES = YES;
				CLANG_ENABLE_OBJC_ARC = YES;
				CLANG_ENABLE_OBJC_WEAK = YES;
				CLANG_WARN_BLOCK_CAPTURE_AUTORELEASING = YES;
				CLANG_WARN_BOOL_CONVERSION = YES;
				CLANG_WARN_COMMA = YES;
				CLANG_WARN_CONSTANT_CONVERSION = YES;
				CLANG_WARN_DEPRECATED_OBJC_IMPLEMENTATIONS = YES;
				CLANG_WARN_DIRECT_OBJC_ISA_USAGE = YES_ERROR;
				CLANG_WARN_DOCUMENTATION_COMMENTS = YES;
				CLANG_WARN_EMPTY_BODY = YES;
				CLANG_WARN_ENUM_CONVERSION = YES;
				CLANG_WARN_INFINITE_RECURSION = YES;
				CLANG_WARN_INT_CONVERSION = YES;
				CLANG_WARN_NON_LITERAL_NULL_CONVERSION = YES;
				CLANG_WARN_OBJC_IMPLICIT_RETAIN_SELF = YES;
				CLANG_WARN_OBJC_LITERAL_CONVERSION = YES;
				CLANG_WARN_OBJC_ROOT_CLASS = YES_ERROR;
				CLANG_WARN_RANGE_LOOP_ANALYSIS = YES;
				CLANG_WARN_STRICT_PROTOTYPES = YES;
				CLANG_WARN_SUSPICIOUS_MOVE = YES;
				CLANG_WARN_UNGUARDED_AVAILABILITY = YES_AGGRESSIVE;
				CLANG_WARN_UNREACHABLE_CODE = YES;
				CLANG_WARN__DUPLICATE_METHOD_MATCH = YES;
				CODE_SIGN_IDENTITY = "iPhone Developer";
				COPY_PHASE_STRIP = NO;
				DEBUG_INFORMATION_FORMAT = dwarf;
				ENABLE_STRICT_OBJC_MSGSEND = YES;
				ENABLE_TESTABILITY = YES;
				GCC_C_LANGUAGE_STANDARD = gnu11;
				GCC_DYNAMIC_NO_PIC = NO;
				GCC_NO_COMMON_BLOCKS = YES;
				GCC_OPTIMIZATION_LEVEL = 0;
				GCC_PREPROCESSOR_DEFINITIONS = (
					"DEBUG=1",
					"$(inherited)",
				);
				GCC_WARN_64_TO_32_BIT_CONVERSION = YES;
				GCC_WARN_ABOUT_RETURN_TYPE = YES_ERROR;
				GCC_WARN_UNDECLARED_SELECTOR = YES;
				GCC_WARN_UNINITIALIZED_AUTOS = YES_AGGRESSIVE;
				GCC_WARN_UNUSED_FUNCTION = YES;
				GCC_WARN_UNUSED_VARIABLE = YES;
				IPHONEOS_DEPLOYMENT_TARGET = 11.4;
				MTL_ENABLE_DEBUG_INFO = YES;
				ONLY_ACTIVE_ARCH = YES;
				SDKROOT = iphoneos;
				SWIFT_ACTIVE_COMPILATION_CONDITIONS = DEBUG;
				SWIFT_OPTIMIZATION_LEVEL = "-Onone";
			};
			name = Debug;
		};
		C50ECF9620CA0CA000CBD015 /* Release */ = {
			isa = XCBuildConfiguration;
			buildSettings = {
				ALWAYS_SEARCH_USER_PATHS = NO;
				CLANG_ANALYZER_NONNULL = YES;
				CLANG_ANALYZER_NUMBER_OBJECT_CONVERSION = YES_AGGRESSIVE;
				CLANG_CXX_LANGUAGE_STANDARD = "gnu++14";
				CLANG_CXX_LIBRARY = "libc++";
				CLANG_ENABLE_MODULES = YES;
				CLANG_ENABLE_OBJC_ARC = YES;
				CLANG_ENABLE_OBJC_WEAK = YES;
				CLANG_WARN_BLOCK_CAPTURE_AUTORELEASING = YES;
				CLANG_WARN_BOOL_CONVERSION = YES;
				CLANG_WARN_COMMA = YES;
				CLANG_WARN_CONSTANT_CONVERSION = YES;
				CLANG_WARN_DEPRECATED_OBJC_IMPLEMENTATIONS = YES;
				CLANG_WARN_DIRECT_OBJC_ISA_USAGE = YES_ERROR;
				CLANG_WARN_DOCUMENTATION_COMMENTS = YES;
				CLANG_WARN_EMPTY_BODY = YES;
				CLANG_WARN_ENUM_CONVERSION = YES;
				CLANG_WARN_INFINITE_RECURSION = YES;
				CLANG_WARN_INT_CONVERSION = YES;
				CLANG_WARN_NON_LITERAL_NULL_CONVERSION = YES;
				CLANG_WARN_OBJC_IMPLICIT_RETAIN_SELF = YES;
				CLANG_WARN_OBJC_LITERAL_CONVERSION = YES;
				CLANG_WARN_OBJC_ROOT_CLASS = YES_ERROR;
				CLANG_WARN_RANGE_LOOP_ANALYSIS = YES;
				CLANG_WARN_STRICT_PROTOTYPES = YES;
				CLANG_WARN_SUSPICIOUS_MOVE = YES;
				CLANG_WARN_UNGUARDED_AVAILABILITY = YES_AGGRESSIVE;
				CLANG_WARN_UNREACHABLE_CODE = YES;
				CLANG_WARN__DUPLICATE_METHOD_MATCH = YES;
				CODE_SIGN_IDENTITY = "iPhone Developer";
				COPY_PHASE_STRIP = NO;
				DEBUG_INFORMATION_FORMAT = "dwarf-with-dsym";
				ENABLE_NS_ASSERTIONS = NO;
				ENABLE_STRICT_OBJC_MSGSEND = YES;
				GCC_C_LANGUAGE_STANDARD = gnu11;
				GCC_NO_COMMON_BLOCKS = YES;
				GCC_WARN_64_TO_32_BIT_CONVERSION = YES;
				GCC_WARN_ABOUT_RETURN_TYPE = YES_ERROR;
				GCC_WARN_UNDECLARED_SELECTOR = YES;
				GCC_WARN_UNINITIALIZED_AUTOS = YES_AGGRESSIVE;
				GCC_WARN_UNUSED_FUNCTION = YES;
				GCC_WARN_UNUSED_VARIABLE = YES;
				IPHONEOS_DEPLOYMENT_TARGET = 11.4;
				MTL_ENABLE_DEBUG_INFO = NO;
				SDKROOT = iphoneos;
				SWIFT_COMPILATION_MODE = wholemodule;
				SWIFT_OPTIMIZATION_LEVEL = "-O";
				VALIDATE_PRODUCT = YES;
			};
			name = Release;
		};
		C50ECF9820CA0CA000CBD015 /* Debug */ = {
			isa = XCBuildConfiguration;
			buildSettings = {
				ASSETCATALOG_COMPILER_APPICON_NAME = AppIcon;
				CODE_SIGN_STYLE = Automatic;
				INFOPLIST_FILE = "ios-storekit-SKStoreReviewController-demo/Info.plist";
				LD_RUNPATH_SEARCH_PATHS = (
					"$(inherited)",
					"@executable_path/Frameworks",
				);
				PRODUCT_BUNDLE_IDENTIFIER = "jp.st-ventures.ios-storekit-SKStoreReviewController-demo";
				PRODUCT_NAME = "$(TARGET_NAME)";
				SWIFT_VERSION = 4.0;
				TARGETED_DEVICE_FAMILY = "1,2";
			};
			name = Debug;
		};
		C50ECF9920CA0CA000CBD015 /* Release */ = {
			isa = XCBuildConfiguration;
			buildSettings = {
				ASSETCATALOG_COMPILER_APPICON_NAME = AppIcon;
				CODE_SIGN_STYLE = Automatic;
				INFOPLIST_FILE = "ios-storekit-SKStoreReviewController-demo/Info.plist";
				LD_RUNPATH_SEARCH_PATHS = (
					"$(inherited)",
					"@executable_path/Frameworks",
				);
				PRODUCT_BUNDLE_IDENTIFIER = "jp.st-ventures.ios-storekit-SKStoreReviewController-demo";
				PRODUCT_NAME = "$(TARGET_NAME)";
				SWIFT_VERSION = 4.0;
				TARGETED_DEVICE_FAMILY = "1,2";
			};
			name = Release;
		};
		C50ECF9B20CA0CA000CBD015 /* Debug */ = {
			isa = XCBuildConfiguration;
			buildSettings = {
				ALWAYS_EMBED_SWIFT_STANDARD_LIBRARIES = YES;
				BUNDLE_LOADER = "$(TEST_HOST)";
				CODE_SIGN_STYLE = Automatic;
				INFOPLIST_FILE = "ios-storekit-SKStoreReviewController-demoTests/Info.plist";
				LD_RUNPATH_SEARCH_PATHS = (
					"$(inherited)",
					"@executable_path/Frameworks",
					"@loader_path/Frameworks",
				);
				PRODUCT_BUNDLE_IDENTIFIER = "jp.st-ventures.ios-storekit-SKStoreReviewController-demoTests";
				PRODUCT_NAME = "$(TARGET_NAME)";
				SWIFT_VERSION = 4.0;
				TARGETED_DEVICE_FAMILY = "1,2";
				TEST_HOST = "$(BUILT_PRODUCTS_DIR)/ios-storekit-SKStoreReviewController-demo.app/ios-storekit-SKStoreReviewController-demo";
			};
			name = Debug;
		};
		C50ECF9C20CA0CA000CBD015 /* Release */ = {
			isa = XCBuildConfiguration;
			buildSettings = {
				ALWAYS_EMBED_SWIFT_STANDARD_LIBRARIES = YES;
				BUNDLE_LOADER = "$(TEST_HOST)";
				CODE_SIGN_STYLE = Automatic;
				INFOPLIST_FILE = "ios-storekit-SKStoreReviewController-demoTests/Info.plist";
				LD_RUNPATH_SEARCH_PATHS = (
					"$(inherited)",
					"@executable_path/Frameworks",
					"@loader_path/Frameworks",
				);
				PRODUCT_BUNDLE_IDENTIFIER = "jp.st-ventures.ios-storekit-SKStoreReviewController-demoTests";
				PRODUCT_NAME = "$(TARGET_NAME)";
				SWIFT_VERSION = 4.0;
				TARGETED_DEVICE_FAMILY = "1,2";
				TEST_HOST = "$(BUILT_PRODUCTS_DIR)/ios-storekit-SKStoreReviewController-demo.app/ios-storekit-SKStoreReviewController-demo";
			};
			name = Release;
		};
/* End XCBuildConfiguration section */

/* Begin XCConfigurationList section */
		C50ECF7520CA0C9E00CBD015 /* Build configuration list for PBXProject "ios-storekit-SKStoreReviewController-demo" */ = {
			isa = XCConfigurationList;
			buildConfigurations = (
				C50ECF9520CA0CA000CBD015 /* Debug */,
				C50ECF9620CA0CA000CBD015 /* Release */,
			);
			defaultConfigurationIsVisible = 0;
			defaultConfigurationName = Release;
		};
		C50ECF9720CA0CA000CBD015 /* Build configuration list for PBXNativeTarget "ios-storekit-SKStoreReviewController-demo" */ = {
			isa = XCConfigurationList;
			buildConfigurations = (
				C50ECF9820CA0CA000CBD015 /* Debug */,
				C50ECF9920CA0CA000CBD015 /* Release */,
			);
			defaultConfigurationIsVisible = 0;
			defaultConfigurationName = Release;
		};
		C50ECF9A20CA0CA000CBD015 /* Build configuration list for PBXNativeTarget "ios-storekit-SKStoreReviewController-demoTests" */ = {
			isa = XCConfigurationList;
			buildConfigurations = (
				C50ECF9B20CA0CA000CBD015 /* Debug */,
				C50ECF9C20CA0CA000CBD015 /* Release */,
			);
			defaultConfigurationIsVisible = 0;
			defaultConfigurationName = Release;
		};
/* End XCConfigurationList section */
	};
	rootObject = C50ECF7220CA0C9E00CBD015 /* Project object */;
}
